version = 1
revision = 3
requires-python = ">=3.12"

[[package]]
name = "colorama"
version = "0.4.6"
source = { registry = "https://pypi.org/simple" }
sdist = { url = "https://files.pythonhosted.org/packages/d8/53/6f443c9a4a8358a93a6792e2acffb9d9d5cb0a5cfd8802644b7b1c9a02e4/colorama-0.4.6.tar.gz", hash = "sha256:08695f5cb7ed6e0531a20572697297273c47b8cae5a63ffc6d6ed5c201be6e44", size = 27697, upload-time = "2022-10-25T02:36:22.414Z" }
wheels = [
    { url = "https://files.pythonhosted.org/packages/d1/d6/3965ed04c63042e047cb6a3e6ed1a63a35087b6a609aa3a15ed8ac56c221/colorama-0.4.6-py2.py3-none-any.whl", hash = "sha256:4f1d9991f5acc0ca119f9d443620b77f9d6b33703e51011c16baf57afb285fc6", size = 25335, upload-time = "2022-10-25T02:36:20.889Z" },
]

[[package]]
name = "go-task-bin"
version = "3.46.4"
source = { registry = "https://pypi.org/simple" }
sdist = { url = "https://files.pythonhosted.org/packages/69/77/2c15628edcd6c44645a671847f6042d8a7927c211248bcf91e3b21ccc609/go_task_bin-3.46.4.tar.gz", hash = "sha256:b3975c749c131fa08f0bde11d63356ee1950f13f4b9747f42a072c818e972f12", size = 515947, upload-time = "2025-12-25T08:19:40.436Z" }
wheels = [
    { url = "https://files.pythonhosted.org/packages/87/4d/dc6418f6219e8cbe986ab493c0be296cd214ee513fe929e3112c88dade13/go_task_bin-3.46.4-py3-none-android_33_arm64_v8a.whl", hash = "sha256:3d02b4f89ec0419905a790bf1fd23630ca1a0863bd2b8bde1babbd3ae5a34703", size = 9966124, upload-time = "2025-12-25T08:19:18.544Z" },
    { url = "https://files.pythonhosted.org/packages/62/7d/5d9ff8006d3464236140296a8d035e9da7984f6e0cb4aac269a4ccf861d3/go_task_bin-3.46.4-py3-none-macosx_12_0_arm64.whl", hash = "sha256:9e1ff81f573a49b7482f8f88fb92f7f1623ed2b8af8009a747f2bb5be8ca0ff0", size = 9826254, upload-time = "2025-12-25T08:19:20.687Z" },
    { url = "https://files.pythonhosted.org/packages/cc/dc/1ef0e6ffd5b0f13683c5d560c2880e5f922c6cb404866ef92553bece0188/go_task_bin-3.46.4-py3-none-macosx_12_0_x86_64.whl", hash = "sha256:5ba12caee171f9652a2c70fc8fb7ff22f343eff62c1d3d4a0f018588942a836e", size = 10621386, upload-time = "2025-12-25T08:19:22.523Z" },
    { url = "https://files.pythonhosted.org/packages/be/5a/070240b853fd0a1b6638999f568704c78a0db1e174c537473d41ab9f4014/go_task_bin-3.46.4-py3-none-manylinux_2_28_aarch64.musllinux_1_2_aarch64.whl", hash = "sha256:c903d5376006d9c0ba2938dc0697953c30484842cd97b5b89ca95197017b8205", size = 9375064, upload-time = "2025-12-25T08:19:24.618Z" },
    { url = "https://files.pythonhosted.org/packages/bb/71/0928f980888bae1fee98287291fa1b13b23dbf779004d673a858fc6dede1/go_task_bin-3.46.4-py3-none-manylinux_2_28_ppc64le.musllinux_1_2_ppc64le.whl", hash = "sha256:5722d1fdbc23ae8921636afb89df3cca08540353796e3241f8b858869e4d0686", size = 9338247, upload-time = "2025-12-25T08:19:26.358Z" },
    { url = "https://files.pythonhosted.org/packages/ce/3b/fea8dd94f6badbe4d28b2e072bcefe177163bf4d72203ecec412d9d6283e/go_task_bin-3.46.4-py3-none-manylinux_2_28_riscv64.musllinux_1_2_riscv64.whl", hash = "sha256:0dd99c49a2d997b4d00ccd92fcc5cf4ef3d9b2edc9c7fcc85c15acdb39af576c", size = 9887441, upload-time = "2025-12-25T08:19:29.383Z" },
    { url = "https://files.pythonhosted.org/packages/77/03/2d0b65af569502498e26ce69f1ebe2a0dae4e259f8f61c25e86c4a9bd664/go_task_bin-3.46.4-py3-none-manylinux_2_28_s390x.musllinux_1_2_s390x.whl", hash = "sha256:8c0491e728193da74c3bca62aacf74148223a55b352efb6c2e6ac9ec43031fcf", size = 10188580, upload-time = "2025-12-25T08:19:31.24Z" },
    { url = "https://files.pythonhosted.org/packages/c9/0f/1c92f1242dd6eac2ef48157dac591f3015a9bfade577986b15477ef48ca4/go_task_bin-3.46.4-py3-none-manylinux_2_28_x86_64.musllinux_1_2_x86_64.whl", hash = "sha256:300f8432e0f9f3b195f2142379030715e8f7c571ee96ba14943d1df270ff00e4", size = 10401659, upload-time = "2025-12-25T08:19:33.75Z" },
    { url = "https://files.pythonhosted.org/packages/47/8f/b3ebfe72d3df40df8c4e307c6200a1809dd38e69bd660625e4a2ace9747f/go_task_bin-3.46.4-py3-none-win_amd64.whl", hash = "sha256:92bc6218d192ad3e446357f7ec111ea80df356103bb3b9fc0a18d6733d2d22c8", size = 10646860, upload-time = "2025-12-25T08:19:35.978Z" },
    { url = "https://files.pythonhosted.org/packages/22/f7/9915a19d69f977f0cf305db8fc81960f724940b143a66a649a2a41386bbe/go_task_bin-3.46.4-py3-none-win_arm64.whl", hash = "sha256:d2a245d80f857387ae3ff8f02be60d465dfc1f9777fa48540f7dc062f7db8f24", size = 9484893, upload-time = "2025-12-25T08:19:38.438Z" },
]

[[package]]
name = "iniconfig"
version = "2.3.0"
source = { registry = "https://pypi.org/simple" }
sdist = { url = "https://files.pythonhosted.org/packages/72/34/14ca021ce8e5dfedc35312d08ba8bf51fdd999c576889fc2c24cb97f4f10/iniconfig-2.3.0.tar.gz", hash = "sha256:c76315c77db068650d49c5b56314774a7804df16fee4402c1f19d6d15d8c4730", size = 20503, upload-time = "2025-10-18T21:55:43.219Z" }
wheels = [
    { url = "https://files.pythonhosted.org/packages/cb/b1/3846dd7f199d53cb17f49cba7e651e9ce294d8497c8c150530ed11865bb8/iniconfig-2.3.0-py3-none-any.whl", hash = "sha256:f631c04d2c48c52b84d0d0549c99ff3859c98df65b3101406327ecc7d53fbf12", size = 7484, upload-time = "2025-10-18T21:55:41.639Z" },
]

[[package]]
name = "packaging"
version = "25.0"
source = { registry = "https://pypi.org/simple" }
sdist = { url = "https://files.pythonhosted.org/packages/a1/d4/1fc4078c65507b51b96ca8f8c3ba19e6a61c8253c72794544580a7b6c24d/packaging-25.0.tar.gz", hash = "sha256:d443872c98d677bf60f6a1f2f8c1cb748e8fe762d2bf9d3148b5599295b0fc4f", size = 165727, upload-time = "2025-04-19T11:48:59.673Z" }
wheels = [
    { url = "https://files.pythonhosted.org/packages/20/12/38679034af332785aac8774540895e234f4d07f7545804097de4b666afd8/packaging-25.0-py3-none-any.whl", hash = "sha256:29572ef2b1f17581046b3a2227d5c611fb25ec70ca1ba8554b24b0e69331a484", size = 66469, upload-time = "2025-04-19T11:48:57.875Z" },
]

[[package]]
name = "pluggy"
version = "1.6.0"
source = { registry = "https://pypi.org/simple" }
sdist = { url = "https://files.pythonhosted.org/packages/f9/e2/3e91f31a7d2b083fe6ef3fa267035b518369d9511ffab804f839851d2779/pluggy-1.6.0.tar.gz", hash = "sha256:7dcc130b76258d33b90f61b658791dede3486c3e6bfb003ee5c9bfb396dd22f3", size = 69412, upload-time = "2025-05-15T12:30:07.975Z" }
wheels = [
    { url = "https://files.pythonhosted.org/packages/54/20/4d324d65cc6d9205fabedc306948156824eb9f0ee1633355a8f7ec5c66bf/pluggy-1.6.0-py3-none-any.whl", hash = "sha256:e920276dd6813095e9377c0bc5566d94c932c33b27a3e3945d8389c374dd4746", size = 20538, upload-time = "2025-05-15T12:30:06.134Z" },
]

[[package]]
name = "py-cpuinfo"
version = "9.0.0"
source = { registry = "https://pypi.org/simple" }
sdist = { url = "https://files.pythonhosted.org/packages/37/a8/d832f7293ebb21690860d2e01d8115e5ff6f2ae8bbdc953f0eb0fa4bd2c7/py-cpuinfo-9.0.0.tar.gz", hash = "sha256:3cdbbf3fac90dc6f118bfd64384f309edeadd902d7c8fb17f02ffa1fc3f49690", size = 104716, upload-time = "2022-10-25T20:38:06.303Z" }
wheels = [
    { url = "https://files.pythonhosted.org/packages/e0/a9/023730ba63db1e494a271cb018dcd361bd2c917ba7004c3e49d5daf795a2/py_cpuinfo-9.0.0-py3-none-any.whl", hash = "sha256:859625bc251f64e21f077d099d4162689c762b5d6a4c3c97553d56241c9674d5", size = 22335, upload-time = "2022-10-25T20:38:27.636Z" },
]

[[package]]
name = "pygments"
version = "2.19.2"
source = { registry = "https://pypi.org/simple" }
sdist = { url = "https://files.pythonhosted.org/packages/b0/77/a5b8c569bf593b0140bde72ea885a803b82086995367bf2037de0159d924/pygments-2.19.2.tar.gz", hash = "sha256:636cb2477cec7f8952536970bc533bc43743542f70392ae026374600add5b887", size = 4968631, upload-time = "2025-06-21T13:39:12.283Z" }
wheels = [
    { url = "https://files.pythonhosted.org/packages/c7/21/705964c7812476f378728bdf590ca4b771ec72385c533964653c68e86bdc/pygments-2.19.2-py3-none-any.whl", hash = "sha256:86540386c03d588bb81d44bc3928634ff26449851e99741617ecb9037ee5ec0b", size = 1225217, upload-time = "2025-06-21T13:39:07.939Z" },
]

[[package]]
name = "pytest"
version = "9.0.2"
source = { registry = "https://pypi.org/simple" }
dependencies = [
    { name = "colorama", marker = "sys_platform == 'win32'" },
    { name = "iniconfig" },
    { name = "packaging" },
    { name = "pluggy" },
    { name = "pygments" },
]
sdist = { url = "https://files.pythonhosted.org/packages/d1/db/7ef3487e0fb0049ddb5ce41d3a49c235bf9ad299b6a25d5780a89f19230f/pytest-9.0.2.tar.gz", hash = "sha256:75186651a92bd89611d1d9fc20f0b4345fd827c41ccd5c299a868a05d70edf11", size = 1568901, upload-time = "2025-12-06T21:30:51.014Z" }
wheels = [
    { url = "https://files.pythonhosted.org/packages/3b/ab/b3226f0bd7cdcf710fbede2b3548584366da3b19b5021e74f5bde2a8fa3f/pytest-9.0.2-py3-none-any.whl", hash = "sha256:711ffd45bf766d5264d487b917733b453d917afd2b0ad65223959f59089f875b", size = 374801, upload-time = "2025-12-06T21:30:49.154Z" },
]

[[package]]
name = "pytest-benchmark"
version = "5.2.3"
source = { registry = "https://pypi.org/simple" }
dependencies = [
    { name = "py-cpuinfo" },
    { name = "pytest" },
]
sdist = { url = "https://files.pythonhosted.org/packages/24/34/9f732b76456d64faffbef6232f1f9dbec7a7c4999ff46282fa418bd1af66/pytest_benchmark-5.2.3.tar.gz", hash = "sha256:deb7317998a23c650fd4ff76e1230066a76cb45dcece0aca5607143c619e7779", size = 341340, upload-time = "2025-11-09T18:48:43.215Z" }
wheels = [
    { url = "https://files.pythonhosted.org/packages/33/29/e756e715a48959f1c0045342088d7ca9762a2f509b945f362a316e9412b7/pytest_benchmark-5.2.3-py3-none-any.whl", hash = "sha256:bc839726ad20e99aaa0d11a127445457b4219bdb9e80a1afc4b51da7f96b0803", size = 45255, upload-time = "2025-11-09T18:48:39.765Z" },
]

[[package]]
name = "pythonic-structures"
version = "0.1.0"
source = { virtual = "." }
dependencies = [
    { name = "go-task-bin" },
    { name = "pytest" },
    { name = "pytest-benchmark" },
]

[package.metadata]
requires-dist = [
    { name = "go-task-bin", specifier = ">=3.46.4" },
    { name = "pytest" },
    { name = "pytest-benchmark", specifier = ">=5.2.3" },
]
